{
  "requires": true,
  "lockfileVersion": 1,
  "dependencies": {
    "@syncfusion/ej2-angular-base": {
      "version": "17.4.43",
      "resolved": "https://registry.npmjs.org/@syncfusion/ej2-angular-base/-/ej2-angular-base-17.4.43.tgz",
      "integrity": "sha512-fqE6IaWeaR2ZjBbwpPUMKChdKUoiZZg+waKzLo9gEwZhWg4CfRLxm7YEQZxxYAgNPjxFhM1cY7TFKTcx4SyOwg==",
      "requires": {
        "@syncfusion/ej2-base": "~17.4.43",
        "core-js": "^3.4.8",
        "reflect-metadata": "^0.1.9",
        "rxjs": "^5.0.0",
        "zone.js": "^0.7.2"
      }
    },
    "@syncfusion/ej2-angular-calendars": {
      "version": "17.4.44",
      "resolved": "https://registry.npmjs.org/@syncfusion/ej2-angular-calendars/-/ej2-angular-calendars-17.4.44.tgz",
      "integrity": "sha512-UuirYTAiXwbTJ+PF7LwPxhqMVom+e1QHXeQaG77lV4VMjrvngrxPzebT8IREm0LlII8q2L4HIeYcnJfKWlOblQ==",
      "requires": {
        "@syncfusion/ej2-angular-base": "~17.4.43",
        "@syncfusion/ej2-base": "~17.4.43",
        "@syncfusion/ej2-calendars": "17.4.44"
      }
    },
    "@syncfusion/ej2-base": {
      "version": "17.4.43",
      "resolved": "https://registry.npmjs.org/@syncfusion/ej2-base/-/ej2-base-17.4.43.tgz",
      "integrity": "sha512-yK7tActXxwmBOvU2Wx73pyJOwaVT6z0P/i7iEtXrh/F1lQoY8eUNuuX98jrjAwxmLiq91Cdri+fcqI8oWB8qmg==",
      "requires": {
        "@syncfusion/ej2-icons": "~17.4.43"
      }
    },
    "@syncfusion/ej2-buttons": {
      "version": "17.4.43",
      "resolved": "https://registry.npmjs.org/@syncfusion/ej2-buttons/-/ej2-buttons-17.4.43.tgz",
      "integrity": "sha512-neXYIQjmYvN4kNVvZ7mw79oQ7TwC5JJIDSJYwobtMXh4BooOaJLOfdL0crHNcoQuoFJo6OEKrae0wDfYipmNxw==",
      "requires": {
        "@syncfusion/ej2-base": "~17.4.43"
      }
    },
    "@syncfusion/ej2-calendars": {
      "version": "17.4.44",
      "resolved": "https://registry.npmjs.org/@syncfusion/ej2-calendars/-/ej2-calendars-17.4.44.tgz",
      "integrity": "sha512-Y0mROwhlq+iDKgAPK2H76V8OKj0ES6gLpk2sIbZNSqf7e9xLj4x83D3A610wYpLR5ItCa4vIfCEcol/TvcJ+Og==",
      "requires": {
        "@syncfusion/ej2-base": "~17.4.43",
        "@syncfusion/ej2-buttons": "~17.4.43",
        "@syncfusion/ej2-inputs": "~17.4.43",
        "@syncfusion/ej2-lists": "~17.4.43",
        "@syncfusion/ej2-popups": "~17.4.43"
      }
    },
    "@syncfusion/ej2-data": {
      "version": "17.4.43",
      "resolved": "https://registry.npmjs.org/@syncfusion/ej2-data/-/ej2-data-17.4.43.tgz",
      "integrity": "sha512-YCDT3r22VCEPkgOaRWUQdkJARrnC2eLyRQNNKWNmT0mn2Ash5+Oips0rZhzHMAdtDm6ZPFx0gVzSg1vhPmxy3g==",
      "requires": {
        "@syncfusion/ej2-base": "~17.4.43"
      }
    },
    "@syncfusion/ej2-icons": {
      "version": "17.4.43",
      "resolved": "https://registry.npmjs.org/@syncfusion/ej2-icons/-/ej2-icons-17.4.43.tgz",
      "integrity": "sha512-2FOjIc5+ElV9cLaJEty1YaB+TQgkNcD3QOmD1dAvhHlhph2ch+yv6GWg9aD5OBwRTvHM0OU2Ba88bhd1BOMPYA=="
    },
    "@syncfusion/ej2-inputs": {
      "version": "17.4.43",
      "resolved": "https://registry.npmjs.org/@syncfusion/ej2-inputs/-/ej2-inputs-17.4.43.tgz",
      "integrity": "sha512-vzD2ndup5lx27053MtVrKoDbED1Qv8D3R+9pbt7jqIjjSJEXbdpVtqrJWgXAMoTr+X65zCoUtem+JZB19ox7lQ==",
      "requires": {
        "@syncfusion/ej2-base": "~17.4.43",
        "@syncfusion/ej2-buttons": "~17.4.43",
        "@syncfusion/ej2-popups": "~17.4.43",
        "@syncfusion/ej2-splitbuttons": "~17.4.43"
      }
    },
    "@syncfusion/ej2-lists": {
      "version": "17.4.43",
      "resolved": "https://registry.npmjs.org/@syncfusion/ej2-lists/-/ej2-lists-17.4.43.tgz",
      "integrity": "sha512-rc6D4qteBhpklT4l4r6izeb1FUaTs4z0/8x0QzHW0LaeGtgeq6NM1ilJUykR20vyz90VG51xpIoZNXmLV6wg0Q==",
      "requires": {
        "@syncfusion/ej2-base": "~17.4.43",
        "@syncfusion/ej2-buttons": "~17.4.43",
        "@syncfusion/ej2-data": "~17.4.43"
      }
    },
    "@syncfusion/ej2-popups": {
      "version": "17.4.43",
      "resolved": "https://registry.npmjs.org/@syncfusion/ej2-popups/-/ej2-popups-17.4.43.tgz",
      "integrity": "sha512-kAmPROY0EiCQJRGK8I6aQvfZ0YS61cDk545V8UYFdM/GPWOzRCycECHCRD8hMaCyzQnvwyk7Lak/5RiwPsQB0w==",
      "requires": {
        "@syncfusion/ej2-base": "~17.4.43",
        "@syncfusion/ej2-buttons": "~17.4.43"
      }
    },
    "@syncfusion/ej2-splitbuttons": {
      "version": "17.4.43",
      "resolved": "https://registry.npmjs.org/@syncfusion/ej2-splitbuttons/-/ej2-splitbuttons-17.4.43.tgz",
      "integrity": "sha512-+TuZB/FFkc9GDwquMdrOD+7mT9qY/DtPMmZyFor5F9rRaS1SOQd7vAHPJb1xjw3Ye0cfkg/Y5jvP766iKQMyrw==",
      "requires": {
        "@syncfusion/ej2-base": "~17.4.43",
        "@syncfusion/ej2-popups": "~17.4.43"
      }
    },
    "core-js": {
      "version": "3.6.4",
      "resolved": "https://registry.npmjs.org/core-js/-/core-js-3.6.4.tgz",
      "integrity": "sha512-4paDGScNgZP2IXXilaffL9X7968RuvwlkK3xWtZRVqgd8SYNiVKRJvkFd1aqqEuPfN7E68ZHEp9hDj6lHj4Hyw=="
    },
    "reflect-metadata": {
      "version": "0.1.13",
      "resolved": "https://registry.npmjs.org/reflect-metadata/-/reflect-metadata-0.1.13.tgz",
      "integrity": "sha512-Ts1Y/anZELhSsjMcU605fU9RE4Oi3p5ORujwbIKXfWa+0Zxs510Qrmrce5/Jowq3cHSZSJqBjypxmHarc+vEWg=="
    },
    "rxjs": {
      "version": "5.5.12",
      "resolved": "https://registry.npmjs.org/rxjs/-/rxjs-5.5.12.tgz",
      "integrity": "sha512-xx2itnL5sBbqeeiVgNPVuQQ1nC8Jp2WfNJhXWHmElW9YmrpS9UVnNzhP3EH3HFqexO5Tlp8GhYY+WEcqcVMvGw==",
      "requires": {
        "symbol-observable": "1.0.1"
      }
    },
    "symbol-observable": {
      "version": "1.0.1",
      "resolved": "https://registry.npmjs.org/symbol-observable/-/symbol-observable-1.0.1.tgz",
      "integrity": "sha1-g0D8RwLDEi310iKI+IKD9RPT/dQ="
    },
    "zone.js": {
      "version": "0.7.8",
      "resolved": "https://registry.npmjs.org/zone.js/-/zone.js-0.7.8.tgz",
      "integrity": "sha1-Tz/og01EWX8mOQU6D6Q43zT//e0="
    }
  }
}
